<?xml version="1.0" encoding="utf-8"?>
<Project ToolsVersion="4.0" xmlns="http://schemas.microsoft.com/developer/msbuild/2003">
  <ItemGroup>
    <Filter Include="Source Files">
      <UniqueIdentifier>{71c5c5d9-248e-4323-b04b-5209b99e927d}</UniqueIdentifier>
      <Extensions>cpp;c;cxx;rc;def;r;odl;hpj;bat;for;f90</Extensions>
    </Filter>
    <Filter Include="Header Files">
      <UniqueIdentifier>{714267cd-4e10-4f84-be79-863410edbad8}</UniqueIdentifier>
      <Extensions>h;hpp;hxx;inl;fi;fd</Extensions>
    </Filter>
    <Filter Include="Resource Files">
      <UniqueIdentifier>{cb50f9f6-3e3d-4471-a113-824d5c382054}</UniqueIdentifier>
      <Extensions>ico;cur;bmp;dlg;rc2;rct;cnt;rtf;gif;jpg;jpeg;jpe</Extensions>
    </Filter>
  </ItemGroup>
  <ItemGroup>
    <ClCompile Include=".\..\ZDrAct.cpp">
      <Filter>Source Files</Filter>
    </ClCompile>
    <ClCompile Include=".\..\ZDrApp.cpp">
      <Filter>Source Files</Filter>
    </ClCompile>
    <ClCompile Include=".\..\ZDrAxLst.cpp">
      <Filter>Source Files</Filter>
    </ClCompile>
    <ClCompile Include=".\..\ZDRCCDLG.CPP">
      <Filter>Source Files</Filter>
    </ClCompile>
    <ClCompile Include=".\..\ZDrCmdLN.cpp">
      <Filter>Source Files</Filter>
    </ClCompile>
    <ClCompile Include=".\..\ZDRCMPRS.CPP">
      <Filter>Source Files</Filter>
    </ClCompile>
    <ClCompile Include=".\..\ZDrComm.cpp">
      <Filter>Source Files</Filter>
    </ClCompile>
    <ClCompile Include=".\..\ZDrCoolB.cpp">
      <Filter>Source Files</Filter>
    </ClCompile>
    <ClCompile Include=".\..\ZDrCtl.cpp">
      <Filter>Source Files</Filter>
    </ClCompile>
    <ClCompile Include=".\..\ZDrDebug.cpp">
      <Filter>Source Files</Filter>
    </ClCompile>
    <ClCompile Include=".\..\ZDrDIB.cpp">
      <Filter>Source Files</Filter>
    </ClCompile>
    <ClCompile Include=".\..\ZDrDlgA.cpp">
      <Filter>Source Files</Filter>
    </ClCompile>
    <ClCompile Include=".\..\ZDrDlgC.cpp">
      <Filter>Source Files</Filter>
    </ClCompile>
    <ClCompile Include=".\..\ZDrDlgM.cpp">
      <Filter>Source Files</Filter>
    </ClCompile>
    <ClCompile Include=".\..\ZDrDlgO.cpp">
      <Filter>Source Files</Filter>
    </ClCompile>
    <ClCompile Include=".\..\ZDrDlgP.cpp">
      <Filter>Source Files</Filter>
    </ClCompile>
    <ClCompile Include=".\..\ZDrDlgW.cpp">
      <Filter>Source Files</Filter>
    </ClCompile>
    <ClCompile Include=".\..\ZDrDoc.cpp">
      <Filter>Source Files</Filter>
    </ClCompile>
    <ClCompile Include=".\..\ZDrFlatB.cpp">
      <Filter>Source Files</Filter>
    </ClCompile>
    <ClCompile Include=".\..\ZDrFont.cpp">
      <Filter>Source Files</Filter>
    </ClCompile>
    <ClCompile Include=".\..\ZDrFrame.cpp">
      <Filter>Source Files</Filter>
    </ClCompile>
    <ClCompile Include=".\..\ZDrMapAc.cpp">
      <Filter>Source Files</Filter>
    </ClCompile>
    <ClCompile Include=".\..\ZDrMenu.cpp">
      <Filter>Source Files</Filter>
    </ClCompile>
    <ClCompile Include=".\..\ZDrMisc.cpp">
      <Filter>Source Files</Filter>
    </ClCompile>
    <ClCompile Include=".\..\ZDrMsgHK.cpp">
      <Filter>Source Files</Filter>
    </ClCompile>
    <ClCompile Include=".\..\ZDrMsgQ.cpp">
      <Filter>Source Files</Filter>
    </ClCompile>
    <ClCompile Include=".\..\ZDrOle.cpp">
      <Filter>Source Files</Filter>
    </ClCompile>
    <ClCompile Include=".\..\ZDrOpt.cpp">
      <Filter>Source Files</Filter>
    </ClCompile>
    <ClCompile Include=".\..\ZDrPalHK.cpp">
      <Filter>Source Files</Filter>
    </ClCompile>
    <ClCompile Include=".\..\ZDrParse.cpp">
      <Filter>Source Files</Filter>
    </ClCompile>
    <ClCompile Include=".\..\ZDrPrint.cpp">
      <Filter>Source Files</Filter>
    </ClCompile>
    <ClCompile Include=".\..\ZDrPrtC.cpp">
      <Filter>Source Files</Filter>
    </ClCompile>
    <ClCompile Include=".\..\ZDrSTask.cpp">
      <Filter>Source Files</Filter>
    </ClCompile>
    <ClCompile Include=".\..\ZDrTask.cpp">
      <Filter>Source Files</Filter>
    </ClCompile>
    <ClCompile Include=".\..\ZDrTwain.cpp">
      <Filter>Source Files</Filter>
    </ClCompile>
    <ClCompile Include=".\..\ZDrUtil.cpp">
      <Filter>Source Files</Filter>
    </ClCompile>
    <ClCompile Include=".\..\ZDrVCtrl.cpp">
      <Filter>Source Files</Filter>
    </ClCompile>
    <ClCompile Include=".\..\ZDrView.cpp">
      <Filter>Source Files</Filter>
    </ClCompile>
    <ClCompile Include=".\..\ZDrVStr.cpp">
      <Filter>Source Files</Filter>
    </ClCompile>
  </ItemGroup>
  <ItemGroup>
    <ResourceCompile Include=".\..\ZDrApp.rc">
      <Filter>Source Files</Filter>
    </ResourceCompile>
  </ItemGroup>
  <ItemGroup>
    <ClInclude Include=".\..\resource.h">
      <Filter>Header Files</Filter>
    </ClInclude>
  </ItemGroup>
  <ItemGroup>
    <Image Include=".\..\res\hello.ico">
      <Filter>Resource Files</Filter>
    </Image>
    <Image Include=".\..\res\texttype.ico">
      <Filter>Resource Files</Filter>
    </Image>
  </ItemGroup>
  <ItemGroup>
    <CustomBuild Include=".\..\BCOPY1.cur">
      <Filter>Resource Files</Filter>
    </CustomBuild>
    <CustomBuild Include=".\..\BCOPYM.cur">
      <Filter>Resource Files</Filter>
    </CustomBuild>
    <CustomBuild Include=".\..\BDROPNOT.cur">
      <Filter>Resource Files</Filter>
    </CustomBuild>
    <CustomBuild Include=".\..\BMOVE.cur">
      <Filter>Resource Files</Filter>
    </CustomBuild>
    <CustomBuild Include=".\..\BMOVE1.cur">
      <Filter>Resource Files</Filter>
    </CustomBuild>
    <CustomBuild Include=".\..\BMOVEM.cur">
      <Filter>Resource Files</Filter>
    </CustomBuild>
    <CustomBuild Include=".\..\BPROMOTE.cur">
      <Filter>Resource Files</Filter>
    </CustomBuild>
    <CustomBuild Include=".\..\DROPNOT.cur">
      <Filter>Resource Files</Filter>
    </CustomBuild>
    <CustomBuild Include=".\..\DROPOKC1.cur">
      <Filter>Resource Files</Filter>
    </CustomBuild>
    <CustomBuild Include=".\..\DROPOKCM.cur">
      <Filter>Resource Files</Filter>
    </CustomBuild>
    <CustomBuild Include=".\..\DROPOKM1.cur">
      <Filter>Resource Files</Filter>
    </CustomBuild>
    <CustomBuild Include=".\..\DROPOKMM.cur">
      <Filter>Resource Files</Filter>
    </CustomBuild>
    <CustomBuild Include=".\..\HAND1.cur">
      <Filter>Resource Files</Filter>
    </CustomBuild>
    <CustomBuild Include=".\..\HSPLIT.cur">
      <Filter>Resource Files</Filter>
    </CustomBuild>
    <CustomBuild Include=".\..\VSPLIT.cur">
      <Filter>Resource Files</Filter>
    </CustomBuild>
    <CustomBuild Include=".\..\XSPLIT.cur">
      <Filter>Resource Files</Filter>
    </CustomBuild>
    <CustomBuild Include=".\..\ZDrApp.def">
      <Filter>Source Files</Filter>
    </CustomBuild>
  </ItemGroup>
</Project>