<?xml version="1.0" encoding="utf-8"?>
<Project ToolsVersion="4.0" xmlns="http://schemas.microsoft.com/developer/msbuild/2003">
  <ItemGroup>
    <Filter Include="Source Files">
      <UniqueIdentifier>{fe0b9560-1607-4fb1-b94e-5f7d7248aba0}</UniqueIdentifier>
      <Extensions>cpp;c;cxx;rc;def;r;odl;idl;hpj;bat</Extensions>
    </Filter>
    <Filter Include="Header Files">
      <UniqueIdentifier>{07e1510d-9811-43b5-a321-739204129de8}</UniqueIdentifier>
      <Extensions>h;hpp;hxx;hm;inl</Extensions>
    </Filter>
    <Filter Include="Resource Files">
      <UniqueIdentifier>{9e7f2988-766d-4b47-90d1-a1f6a43bda7f}</UniqueIdentifier>
      <Extensions>ico;cur;bmp;dlg;rc2;rct;bin;rgs;gif;jpg;jpeg;jpe</Extensions>
    </Filter>
  </ItemGroup>
  <ItemGroup>
    <ClCompile Include="tdbg6.cpp">
      <Filter>Source Files</Filter>
    </ClCompile>
    <ClCompile Include="tgcolser.cpp">
      <Filter>Source Files</Filter>
    </ClCompile>
    <ClCompile Include="trddmap.cpp">
      <Filter>Source Files</Filter>
    </ClCompile>
    <ClCompile Include="trdgmap.cpp">
      <Filter>Source Files</Filter>
    </ClCompile>
    <ClCompile Include="trgrxprt.cpp">
      <Filter>Source Files</Filter>
    </ClCompile>
    <ClCompile Include="trhlpr.cpp">
      <Filter>Source Files</Filter>
    </ClCompile>
    <ClCompile Include="truegrid.cpp">
      <Filter>Source Files</Filter>
    </ClCompile>
    <ClCompile Include="xarraydb.cpp">
      <Filter>Source Files</Filter>
    </ClCompile>
  </ItemGroup>
  <ItemGroup>
    <ClInclude Include="tdbg6.h">
      <Filter>Header Files</Filter>
    </ClInclude>
    <ClInclude Include="tgcolser.h">
      <Filter>Header Files</Filter>
    </ClInclude>
    <ClInclude Include="trhlpr.h">
      <Filter>Header Files</Filter>
    </ClInclude>
    <ClInclude Include="xarraydb.h">
      <Filter>Header Files</Filter>
    </ClInclude>
  </ItemGroup>
  <ItemGroup>
    <CustomBuild Include="truegrid.def">
      <Filter>Source Files</Filter>
    </CustomBuild>
  </ItemGroup>
</Project>