
Microsoft Visual Studio Solution File, Format Version 12.00
# Visual Studio 14
VisualStudioVersion = 14.0.23107.0
MinimumVisualStudioVersion = 10.0.40219.1
Project("{8BC9CEB8-8B4A-11D0-8D11-00A0C91BC942}") = "JpegLib", "jpeglib\JPegLib.vcxproj", "{87F9CC3F-44B0-4EEF-9C90-A7901CE420D9}"
EndProject
Project("{8BC9CEB8-8B4A-11D0-8D11-00A0C91BC942}") = "TzAxCtl", "..\tz\ax\tzaxctl\TzAxCtl.vcxproj", "{056F321B-4498-4B42-BB50-9C1B7D062F3C}"
EndProject
Project("{8BC9CEB8-8B4A-11D0-8D11-00A0C91BC942}") = "TzCtl", "Tzctl.vcxproj", "{DBD15B43-74C3-4280-A5E2-E518844410FB}"
	ProjectSection(ProjectDependencies) = postProject
		{87F9CC3F-44B0-4EEF-9C90-A7901CE420D9} = {87F9CC3F-44B0-4EEF-9C90-A7901CE420D9}
	EndProjectSection
EndProject
Project("{8BC9CEB8-8B4A-11D0-8D11-00A0C91BC942}") = "Z2MP", "Z2MP.vcxproj", "{DD6FBC7B-AE10-4B9E-832C-F8585315FF1B}"
	ProjectSection(ProjectDependencies) = postProject
		{9FB0CCAE-7409-40AB-BD2A-FE501C681094} = {9FB0CCAE-7409-40AB-BD2A-FE501C681094}
	EndProjectSection
EndProject
Project("{8BC9CEB8-8B4A-11D0-8D11-00A0C91BC942}") = "ZDr", "Zdr.vcxproj", "{E5CCF6EE-33FA-405C-9FC5-F68F22C4905C}"
EndProject
Project("{8BC9CEB8-8B4A-11D0-8D11-00A0C91BC942}") = "ZDrApp", "ZdrApp.vcxproj", "{9FB0CCAE-7409-40AB-BD2A-FE501C681094}"
EndProject
Project("{8BC9CEB8-8B4A-11D0-8D11-00A0C91BC942}") = "ZSEMail", "ZSEMail.vcxproj", "{04A79DA6-B17E-4B0B-AD96-B2E7A8AFA3FD}"
	ProjectSection(ProjectDependencies) = postProject
		{9FB0CCAE-7409-40AB-BD2A-FE501C681094} = {9FB0CCAE-7409-40AB-BD2A-FE501C681094}
	EndProjectSection
EndProject
Project("{8BC9CEB8-8B4A-11D0-8D11-00A0C91BC942}") = "ZdCtl", "ZdCtl.vcxproj", "{126FC027-C562-4DBE-9A83-A502513E9F02}"
EndProject
Project("{8BC9CEB8-8B4A-11D0-8D11-00A0C91BC942}") = "tbedit", "..\tz\ax\_edit\tbedit.vcxproj", "{0B62D126-4046-47E9-B3E0-05BEE677CD5E}"
EndProject
Project("{8BC9CEB8-8B4A-11D0-8D11-00A0C91BC942}") = "truegrid", "..\tz\ax\truegrid\truegrid.vcxproj", "{2B68362B-0336-4E95-959F-62A143748F45}"
EndProject
Project("{8BC9CEB8-8B4A-11D0-8D11-00A0C91BC942}") = "tzedvmld", "..\..\w\tz\tzedvmld.vcxproj", "{62004C7D-8B52-4E80-B367-1D2B0215A8D9}"
	ProjectSection(ProjectDependencies) = postProject
		{126FC027-C562-4DBE-9A83-A502513E9F02} = {126FC027-C562-4DBE-9A83-A502513E9F02}
		{DBD15B43-74C3-4280-A5E2-E518844410FB} = {DBD15B43-74C3-4280-A5E2-E518844410FB}
		{9FB0CCAE-7409-40AB-BD2A-FE501C681094} = {9FB0CCAE-7409-40AB-BD2A-FE501C681094}
	EndProjectSection
EndProject
Project("{8BC9CEB8-8B4A-11D0-8D11-00A0C91BC942}") = "tzvmledt", "..\tz\ax\tzvmledt\tzvmledt.vcxproj", "{559592B4-3B66-4206-870B-06DFC4C72611}"
	ProjectSection(ProjectDependencies) = postProject
		{126FC027-C562-4DBE-9A83-A502513E9F02} = {126FC027-C562-4DBE-9A83-A502513E9F02}
		{9FB0CCAE-7409-40AB-BD2A-FE501C681094} = {9FB0CCAE-7409-40AB-BD2A-FE501C681094}
	EndProjectSection
EndProject
Global
	GlobalSection(SolutionConfigurationPlatforms) = preSolution
		Debug|x64 = Debug|x64
		Debug|x86 = Debug|x86
		Release|x64 = Release|x64
		Release|x86 = Release|x86
		Template|x64 = Template|x64
		Template|x86 = Template|x86
		Unicode Debug|x64 = Unicode Debug|x64
		Unicode Debug|x86 = Unicode Debug|x86
		Unicode Release|x64 = Unicode Release|x64
		Unicode Release|x86 = Unicode Release|x86
	EndGlobalSection
	GlobalSection(ProjectConfigurationPlatforms) = postSolution
		{87F9CC3F-44B0-4EEF-9C90-A7901CE420D9}.Debug|x64.ActiveCfg = Debug|Win32
		{87F9CC3F-44B0-4EEF-9C90-A7901CE420D9}.Debug|x86.ActiveCfg = Debug|Win32
		{87F9CC3F-44B0-4EEF-9C90-A7901CE420D9}.Debug|x86.Build.0 = Debug|Win32
		{87F9CC3F-44B0-4EEF-9C90-A7901CE420D9}.Release|x64.ActiveCfg = Release|Win32
		{87F9CC3F-44B0-4EEF-9C90-A7901CE420D9}.Release|x86.ActiveCfg = Release|Win32
		{87F9CC3F-44B0-4EEF-9C90-A7901CE420D9}.Release|x86.Build.0 = Release|Win32
		{87F9CC3F-44B0-4EEF-9C90-A7901CE420D9}.Template|x64.ActiveCfg = Release|Win32
		{87F9CC3F-44B0-4EEF-9C90-A7901CE420D9}.Template|x64.Build.0 = Release|Win32
		{87F9CC3F-44B0-4EEF-9C90-A7901CE420D9}.Template|x86.ActiveCfg = Release|Win32
		{87F9CC3F-44B0-4EEF-9C90-A7901CE420D9}.Template|x86.Build.0 = Release|Win32
		{87F9CC3F-44B0-4EEF-9C90-A7901CE420D9}.Unicode Debug|x64.ActiveCfg = Release|Win32
		{87F9CC3F-44B0-4EEF-9C90-A7901CE420D9}.Unicode Debug|x64.Build.0 = Release|Win32
		{87F9CC3F-44B0-4EEF-9C90-A7901CE420D9}.Unicode Debug|x86.ActiveCfg = Debug|Win32
		{87F9CC3F-44B0-4EEF-9C90-A7901CE420D9}.Unicode Debug|x86.Build.0 = Debug|Win32
		{87F9CC3F-44B0-4EEF-9C90-A7901CE420D9}.Unicode Release|x64.ActiveCfg = Release|Win32
		{87F9CC3F-44B0-4EEF-9C90-A7901CE420D9}.Unicode Release|x64.Build.0 = Release|Win32
		{87F9CC3F-44B0-4EEF-9C90-A7901CE420D9}.Unicode Release|x86.ActiveCfg = Release|Win32
		{87F9CC3F-44B0-4EEF-9C90-A7901CE420D9}.Unicode Release|x86.Build.0 = Release|Win32
		{056F321B-4498-4B42-BB50-9C1B7D062F3C}.Debug|x64.ActiveCfg = Debug|Win32
		{056F321B-4498-4B42-BB50-9C1B7D062F3C}.Debug|x86.ActiveCfg = Debug|Win32
		{056F321B-4498-4B42-BB50-9C1B7D062F3C}.Debug|x86.Build.0 = Debug|Win32
		{056F321B-4498-4B42-BB50-9C1B7D062F3C}.Release|x64.ActiveCfg = Release|Win32
		{056F321B-4498-4B42-BB50-9C1B7D062F3C}.Release|x86.ActiveCfg = Release|Win32
		{056F321B-4498-4B42-BB50-9C1B7D062F3C}.Release|x86.Build.0 = Release|Win32
		{056F321B-4498-4B42-BB50-9C1B7D062F3C}.Template|x64.ActiveCfg = Template|Win32
		{056F321B-4498-4B42-BB50-9C1B7D062F3C}.Template|x86.ActiveCfg = Template|Win32
		{056F321B-4498-4B42-BB50-9C1B7D062F3C}.Template|x86.Build.0 = Template|Win32
		{056F321B-4498-4B42-BB50-9C1B7D062F3C}.Unicode Debug|x64.ActiveCfg = Template|Win32
		{056F321B-4498-4B42-BB50-9C1B7D062F3C}.Unicode Debug|x64.Build.0 = Template|Win32
		{056F321B-4498-4B42-BB50-9C1B7D062F3C}.Unicode Debug|x86.ActiveCfg = Debug|Win32
		{056F321B-4498-4B42-BB50-9C1B7D062F3C}.Unicode Debug|x86.Build.0 = Debug|Win32
		{056F321B-4498-4B42-BB50-9C1B7D062F3C}.Unicode Release|x64.ActiveCfg = Template|Win32
		{056F321B-4498-4B42-BB50-9C1B7D062F3C}.Unicode Release|x64.Build.0 = Template|Win32
		{056F321B-4498-4B42-BB50-9C1B7D062F3C}.Unicode Release|x86.ActiveCfg = Release|Win32
		{056F321B-4498-4B42-BB50-9C1B7D062F3C}.Unicode Release|x86.Build.0 = Release|Win32
		{DBD15B43-74C3-4280-A5E2-E518844410FB}.Debug|x64.ActiveCfg = Debug|Win32
		{DBD15B43-74C3-4280-A5E2-E518844410FB}.Debug|x86.ActiveCfg = Debug|Win32
		{DBD15B43-74C3-4280-A5E2-E518844410FB}.Debug|x86.Build.0 = Debug|Win32
		{DBD15B43-74C3-4280-A5E2-E518844410FB}.Release|x64.ActiveCfg = Release|Win32
		{DBD15B43-74C3-4280-A5E2-E518844410FB}.Release|x86.ActiveCfg = Release|Win32
		{DBD15B43-74C3-4280-A5E2-E518844410FB}.Release|x86.Build.0 = Release|Win32
		{DBD15B43-74C3-4280-A5E2-E518844410FB}.Template|x64.ActiveCfg = Template|Win32
		{DBD15B43-74C3-4280-A5E2-E518844410FB}.Template|x86.ActiveCfg = Template|Win32
		{DBD15B43-74C3-4280-A5E2-E518844410FB}.Template|x86.Build.0 = Template|Win32
		{DBD15B43-74C3-4280-A5E2-E518844410FB}.Unicode Debug|x64.ActiveCfg = Template|Win32
		{DBD15B43-74C3-4280-A5E2-E518844410FB}.Unicode Debug|x64.Build.0 = Template|Win32
		{DBD15B43-74C3-4280-A5E2-E518844410FB}.Unicode Debug|x86.ActiveCfg = Debug|Win32
		{DBD15B43-74C3-4280-A5E2-E518844410FB}.Unicode Debug|x86.Build.0 = Debug|Win32
		{DBD15B43-74C3-4280-A5E2-E518844410FB}.Unicode Release|x64.ActiveCfg = Template|Win32
		{DBD15B43-74C3-4280-A5E2-E518844410FB}.Unicode Release|x64.Build.0 = Template|Win32
		{DBD15B43-74C3-4280-A5E2-E518844410FB}.Unicode Release|x86.ActiveCfg = Release|Win32
		{DBD15B43-74C3-4280-A5E2-E518844410FB}.Unicode Release|x86.Build.0 = Release|Win32
		{DD6FBC7B-AE10-4B9E-832C-F8585315FF1B}.Debug|x64.ActiveCfg = Debug|Win32
		{DD6FBC7B-AE10-4B9E-832C-F8585315FF1B}.Debug|x86.ActiveCfg = Debug|Win32
		{DD6FBC7B-AE10-4B9E-832C-F8585315FF1B}.Debug|x86.Build.0 = Debug|Win32
		{DD6FBC7B-AE10-4B9E-832C-F8585315FF1B}.Release|x64.ActiveCfg = Release|Win32
		{DD6FBC7B-AE10-4B9E-832C-F8585315FF1B}.Release|x86.ActiveCfg = Release|Win32
		{DD6FBC7B-AE10-4B9E-832C-F8585315FF1B}.Release|x86.Build.0 = Release|Win32
		{DD6FBC7B-AE10-4B9E-832C-F8585315FF1B}.Template|x64.ActiveCfg = Template|Win32
		{DD6FBC7B-AE10-4B9E-832C-F8585315FF1B}.Template|x86.ActiveCfg = Template|Win32
		{DD6FBC7B-AE10-4B9E-832C-F8585315FF1B}.Template|x86.Build.0 = Template|Win32
		{DD6FBC7B-AE10-4B9E-832C-F8585315FF1B}.Unicode Debug|x64.ActiveCfg = Template|Win32
		{DD6FBC7B-AE10-4B9E-832C-F8585315FF1B}.Unicode Debug|x64.Build.0 = Template|Win32
		{DD6FBC7B-AE10-4B9E-832C-F8585315FF1B}.Unicode Debug|x86.ActiveCfg = Debug|Win32
		{DD6FBC7B-AE10-4B9E-832C-F8585315FF1B}.Unicode Debug|x86.Build.0 = Debug|Win32
		{DD6FBC7B-AE10-4B9E-832C-F8585315FF1B}.Unicode Release|x64.ActiveCfg = Template|Win32
		{DD6FBC7B-AE10-4B9E-832C-F8585315FF1B}.Unicode Release|x64.Build.0 = Template|Win32
		{DD6FBC7B-AE10-4B9E-832C-F8585315FF1B}.Unicode Release|x86.ActiveCfg = Release|Win32
		{DD6FBC7B-AE10-4B9E-832C-F8585315FF1B}.Unicode Release|x86.Build.0 = Release|Win32
		{E5CCF6EE-33FA-405C-9FC5-F68F22C4905C}.Debug|x64.ActiveCfg = Debug|Win32
		{E5CCF6EE-33FA-405C-9FC5-F68F22C4905C}.Debug|x86.ActiveCfg = Debug|Win32
		{E5CCF6EE-33FA-405C-9FC5-F68F22C4905C}.Debug|x86.Build.0 = Debug|Win32
		{E5CCF6EE-33FA-405C-9FC5-F68F22C4905C}.Release|x64.ActiveCfg = Release|Win32
		{E5CCF6EE-33FA-405C-9FC5-F68F22C4905C}.Release|x86.ActiveCfg = Release|Win32
		{E5CCF6EE-33FA-405C-9FC5-F68F22C4905C}.Release|x86.Build.0 = Release|Win32
		{E5CCF6EE-33FA-405C-9FC5-F68F22C4905C}.Template|x64.ActiveCfg = Template|Win32
		{E5CCF6EE-33FA-405C-9FC5-F68F22C4905C}.Template|x86.ActiveCfg = Template|Win32
		{E5CCF6EE-33FA-405C-9FC5-F68F22C4905C}.Template|x86.Build.0 = Template|Win32
		{E5CCF6EE-33FA-405C-9FC5-F68F22C4905C}.Unicode Debug|x64.ActiveCfg = Template|Win32
		{E5CCF6EE-33FA-405C-9FC5-F68F22C4905C}.Unicode Debug|x64.Build.0 = Template|Win32
		{E5CCF6EE-33FA-405C-9FC5-F68F22C4905C}.Unicode Debug|x86.ActiveCfg = Debug|Win32
		{E5CCF6EE-33FA-405C-9FC5-F68F22C4905C}.Unicode Debug|x86.Build.0 = Debug|Win32
		{E5CCF6EE-33FA-405C-9FC5-F68F22C4905C}.Unicode Release|x64.ActiveCfg = Template|Win32
		{E5CCF6EE-33FA-405C-9FC5-F68F22C4905C}.Unicode Release|x64.Build.0 = Template|Win32
		{E5CCF6EE-33FA-405C-9FC5-F68F22C4905C}.Unicode Release|x86.ActiveCfg = Release|Win32
		{E5CCF6EE-33FA-405C-9FC5-F68F22C4905C}.Unicode Release|x86.Build.0 = Release|Win32
		{9FB0CCAE-7409-40AB-BD2A-FE501C681094}.Debug|x64.ActiveCfg = Debug|Win32
		{9FB0CCAE-7409-40AB-BD2A-FE501C681094}.Debug|x86.ActiveCfg = Debug|Win32
		{9FB0CCAE-7409-40AB-BD2A-FE501C681094}.Debug|x86.Build.0 = Debug|Win32
		{9FB0CCAE-7409-40AB-BD2A-FE501C681094}.Release|x64.ActiveCfg = Release|Win32
		{9FB0CCAE-7409-40AB-BD2A-FE501C681094}.Release|x86.ActiveCfg = Release|Win32
		{9FB0CCAE-7409-40AB-BD2A-FE501C681094}.Release|x86.Build.0 = Release|Win32
		{9FB0CCAE-7409-40AB-BD2A-FE501C681094}.Template|x64.ActiveCfg = Template|Win32
		{9FB0CCAE-7409-40AB-BD2A-FE501C681094}.Template|x86.ActiveCfg = Template|Win32
		{9FB0CCAE-7409-40AB-BD2A-FE501C681094}.Template|x86.Build.0 = Template|Win32
		{9FB0CCAE-7409-40AB-BD2A-FE501C681094}.Unicode Debug|x64.ActiveCfg = Template|Win32
		{9FB0CCAE-7409-40AB-BD2A-FE501C681094}.Unicode Debug|x64.Build.0 = Template|Win32
		{9FB0CCAE-7409-40AB-BD2A-FE501C681094}.Unicode Debug|x86.ActiveCfg = Debug|Win32
		{9FB0CCAE-7409-40AB-BD2A-FE501C681094}.Unicode Debug|x86.Build.0 = Debug|Win32
		{9FB0CCAE-7409-40AB-BD2A-FE501C681094}.Unicode Release|x64.ActiveCfg = Template|Win32
		{9FB0CCAE-7409-40AB-BD2A-FE501C681094}.Unicode Release|x64.Build.0 = Template|Win32
		{9FB0CCAE-7409-40AB-BD2A-FE501C681094}.Unicode Release|x86.ActiveCfg = Release|Win32
		{9FB0CCAE-7409-40AB-BD2A-FE501C681094}.Unicode Release|x86.Build.0 = Release|Win32
		{04A79DA6-B17E-4B0B-AD96-B2E7A8AFA3FD}.Debug|x64.ActiveCfg = Debug|Win32
		{04A79DA6-B17E-4B0B-AD96-B2E7A8AFA3FD}.Debug|x86.ActiveCfg = Debug|Win32
		{04A79DA6-B17E-4B0B-AD96-B2E7A8AFA3FD}.Debug|x86.Build.0 = Debug|Win32
		{04A79DA6-B17E-4B0B-AD96-B2E7A8AFA3FD}.Release|x64.ActiveCfg = Release|Win32
		{04A79DA6-B17E-4B0B-AD96-B2E7A8AFA3FD}.Release|x86.ActiveCfg = Release|Win32
		{04A79DA6-B17E-4B0B-AD96-B2E7A8AFA3FD}.Release|x86.Build.0 = Release|Win32
		{04A79DA6-B17E-4B0B-AD96-B2E7A8AFA3FD}.Template|x64.ActiveCfg = Template|Win32
		{04A79DA6-B17E-4B0B-AD96-B2E7A8AFA3FD}.Template|x86.ActiveCfg = Template|Win32
		{04A79DA6-B17E-4B0B-AD96-B2E7A8AFA3FD}.Template|x86.Build.0 = Template|Win32
		{04A79DA6-B17E-4B0B-AD96-B2E7A8AFA3FD}.Unicode Debug|x64.ActiveCfg = Template|Win32
		{04A79DA6-B17E-4B0B-AD96-B2E7A8AFA3FD}.Unicode Debug|x64.Build.0 = Template|Win32
		{04A79DA6-B17E-4B0B-AD96-B2E7A8AFA3FD}.Unicode Debug|x86.ActiveCfg = Debug|Win32
		{04A79DA6-B17E-4B0B-AD96-B2E7A8AFA3FD}.Unicode Debug|x86.Build.0 = Debug|Win32
		{04A79DA6-B17E-4B0B-AD96-B2E7A8AFA3FD}.Unicode Release|x64.ActiveCfg = Template|Win32
		{04A79DA6-B17E-4B0B-AD96-B2E7A8AFA3FD}.Unicode Release|x64.Build.0 = Template|Win32
		{04A79DA6-B17E-4B0B-AD96-B2E7A8AFA3FD}.Unicode Release|x86.ActiveCfg = Release|Win32
		{04A79DA6-B17E-4B0B-AD96-B2E7A8AFA3FD}.Unicode Release|x86.Build.0 = Release|Win32
		{126FC027-C562-4DBE-9A83-A502513E9F02}.Debug|x64.ActiveCfg = Debug|Win32
		{126FC027-C562-4DBE-9A83-A502513E9F02}.Debug|x86.ActiveCfg = Debug|Win32
		{126FC027-C562-4DBE-9A83-A502513E9F02}.Debug|x86.Build.0 = Debug|Win32
		{126FC027-C562-4DBE-9A83-A502513E9F02}.Release|x64.ActiveCfg = Release|Win32
		{126FC027-C562-4DBE-9A83-A502513E9F02}.Release|x86.ActiveCfg = Release|Win32
		{126FC027-C562-4DBE-9A83-A502513E9F02}.Release|x86.Build.0 = Release|Win32
		{126FC027-C562-4DBE-9A83-A502513E9F02}.Template|x64.ActiveCfg = Template|Win32
		{126FC027-C562-4DBE-9A83-A502513E9F02}.Template|x86.ActiveCfg = Template|Win32
		{126FC027-C562-4DBE-9A83-A502513E9F02}.Template|x86.Build.0 = Template|Win32
		{126FC027-C562-4DBE-9A83-A502513E9F02}.Unicode Debug|x64.ActiveCfg = Template|Win32
		{126FC027-C562-4DBE-9A83-A502513E9F02}.Unicode Debug|x64.Build.0 = Template|Win32
		{126FC027-C562-4DBE-9A83-A502513E9F02}.Unicode Debug|x86.ActiveCfg = Debug|Win32
		{126FC027-C562-4DBE-9A83-A502513E9F02}.Unicode Debug|x86.Build.0 = Debug|Win32
		{126FC027-C562-4DBE-9A83-A502513E9F02}.Unicode Release|x64.ActiveCfg = Template|Win32
		{126FC027-C562-4DBE-9A83-A502513E9F02}.Unicode Release|x64.Build.0 = Template|Win32
		{126FC027-C562-4DBE-9A83-A502513E9F02}.Unicode Release|x86.ActiveCfg = Release|Win32
		{126FC027-C562-4DBE-9A83-A502513E9F02}.Unicode Release|x86.Build.0 = Release|Win32
		{0B62D126-4046-47E9-B3E0-05BEE677CD5E}.Debug|x64.ActiveCfg = Debug|Win32
		{0B62D126-4046-47E9-B3E0-05BEE677CD5E}.Debug|x86.ActiveCfg = Debug|Win32
		{0B62D126-4046-47E9-B3E0-05BEE677CD5E}.Debug|x86.Build.0 = Debug|Win32
		{0B62D126-4046-47E9-B3E0-05BEE677CD5E}.Release|x64.ActiveCfg = Release|Win32
		{0B62D126-4046-47E9-B3E0-05BEE677CD5E}.Release|x86.ActiveCfg = Release|Win32
		{0B62D126-4046-47E9-B3E0-05BEE677CD5E}.Release|x86.Build.0 = Release|Win32
		{0B62D126-4046-47E9-B3E0-05BEE677CD5E}.Template|x64.ActiveCfg = Template|Win32
		{0B62D126-4046-47E9-B3E0-05BEE677CD5E}.Template|x86.ActiveCfg = Template|Win32
		{0B62D126-4046-47E9-B3E0-05BEE677CD5E}.Template|x86.Build.0 = Template|Win32
		{0B62D126-4046-47E9-B3E0-05BEE677CD5E}.Unicode Debug|x64.ActiveCfg = Template|Win32
		{0B62D126-4046-47E9-B3E0-05BEE677CD5E}.Unicode Debug|x64.Build.0 = Template|Win32
		{0B62D126-4046-47E9-B3E0-05BEE677CD5E}.Unicode Debug|x86.ActiveCfg = Debug|Win32
		{0B62D126-4046-47E9-B3E0-05BEE677CD5E}.Unicode Debug|x86.Build.0 = Debug|Win32
		{0B62D126-4046-47E9-B3E0-05BEE677CD5E}.Unicode Release|x64.ActiveCfg = Template|Win32
		{0B62D126-4046-47E9-B3E0-05BEE677CD5E}.Unicode Release|x64.Build.0 = Template|Win32
		{0B62D126-4046-47E9-B3E0-05BEE677CD5E}.Unicode Release|x86.ActiveCfg = Release|Win32
		{0B62D126-4046-47E9-B3E0-05BEE677CD5E}.Unicode Release|x86.Build.0 = Release|Win32
		{2B68362B-0336-4E95-959F-62A143748F45}.Debug|x64.ActiveCfg = Debug|Win32
		{2B68362B-0336-4E95-959F-62A143748F45}.Debug|x86.ActiveCfg = Debug|Win32
		{2B68362B-0336-4E95-959F-62A143748F45}.Debug|x86.Build.0 = Debug|Win32
		{2B68362B-0336-4E95-959F-62A143748F45}.Release|x64.ActiveCfg = Release|Win32
		{2B68362B-0336-4E95-959F-62A143748F45}.Release|x86.ActiveCfg = Release|Win32
		{2B68362B-0336-4E95-959F-62A143748F45}.Release|x86.Build.0 = Release|Win32
		{2B68362B-0336-4E95-959F-62A143748F45}.Template|x64.ActiveCfg = Template|Win32
		{2B68362B-0336-4E95-959F-62A143748F45}.Template|x86.ActiveCfg = Template|Win32
		{2B68362B-0336-4E95-959F-62A143748F45}.Template|x86.Build.0 = Template|Win32
		{2B68362B-0336-4E95-959F-62A143748F45}.Unicode Debug|x64.ActiveCfg = Template|Win32
		{2B68362B-0336-4E95-959F-62A143748F45}.Unicode Debug|x64.Build.0 = Template|Win32
		{2B68362B-0336-4E95-959F-62A143748F45}.Unicode Debug|x86.ActiveCfg = Debug|Win32
		{2B68362B-0336-4E95-959F-62A143748F45}.Unicode Debug|x86.Build.0 = Debug|Win32
		{2B68362B-0336-4E95-959F-62A143748F45}.Unicode Release|x64.ActiveCfg = Template|Win32
		{2B68362B-0336-4E95-959F-62A143748F45}.Unicode Release|x64.Build.0 = Template|Win32
		{2B68362B-0336-4E95-959F-62A143748F45}.Unicode Release|x86.ActiveCfg = Release|Win32
		{2B68362B-0336-4E95-959F-62A143748F45}.Unicode Release|x86.Build.0 = Release|Win32
		{62004C7D-8B52-4E80-B367-1D2B0215A8D9}.Debug|x64.ActiveCfg = Debug|Win32
		{62004C7D-8B52-4E80-B367-1D2B0215A8D9}.Debug|x86.ActiveCfg = Debug|Win32
		{62004C7D-8B52-4E80-B367-1D2B0215A8D9}.Debug|x86.Build.0 = Debug|Win32
		{62004C7D-8B52-4E80-B367-1D2B0215A8D9}.Release|x64.ActiveCfg = Release|Win32
		{62004C7D-8B52-4E80-B367-1D2B0215A8D9}.Release|x86.ActiveCfg = Release|Win32
		{62004C7D-8B52-4E80-B367-1D2B0215A8D9}.Release|x86.Build.0 = Release|Win32
		{62004C7D-8B52-4E80-B367-1D2B0215A8D9}.Template|x64.ActiveCfg = Template|Win32
		{62004C7D-8B52-4E80-B367-1D2B0215A8D9}.Template|x86.ActiveCfg = Template|Win32
		{62004C7D-8B52-4E80-B367-1D2B0215A8D9}.Template|x86.Build.0 = Template|Win32
		{62004C7D-8B52-4E80-B367-1D2B0215A8D9}.Unicode Debug|x64.ActiveCfg = Template|Win32
		{62004C7D-8B52-4E80-B367-1D2B0215A8D9}.Unicode Debug|x64.Build.0 = Template|Win32
		{62004C7D-8B52-4E80-B367-1D2B0215A8D9}.Unicode Debug|x86.ActiveCfg = Debug|Win32
		{62004C7D-8B52-4E80-B367-1D2B0215A8D9}.Unicode Debug|x86.Build.0 = Debug|Win32
		{62004C7D-8B52-4E80-B367-1D2B0215A8D9}.Unicode Release|x64.ActiveCfg = Template|Win32
		{62004C7D-8B52-4E80-B367-1D2B0215A8D9}.Unicode Release|x64.Build.0 = Template|Win32
		{62004C7D-8B52-4E80-B367-1D2B0215A8D9}.Unicode Release|x86.ActiveCfg = Release|Win32
		{62004C7D-8B52-4E80-B367-1D2B0215A8D9}.Unicode Release|x86.Build.0 = Release|Win32
		{559592B4-3B66-4206-870B-06DFC4C72611}.Debug|x64.ActiveCfg = Debug|Win32
		{559592B4-3B66-4206-870B-06DFC4C72611}.Debug|x86.ActiveCfg = Debug|Win32
		{559592B4-3B66-4206-870B-06DFC4C72611}.Debug|x86.Build.0 = Debug|Win32
		{559592B4-3B66-4206-870B-06DFC4C72611}.Release|x64.ActiveCfg = Release|Win32
		{559592B4-3B66-4206-870B-06DFC4C72611}.Release|x86.ActiveCfg = Release|Win32
		{559592B4-3B66-4206-870B-06DFC4C72611}.Release|x86.Build.0 = Release|Win32
		{559592B4-3B66-4206-870B-06DFC4C72611}.Template|x64.ActiveCfg = Template|Win32
		{559592B4-3B66-4206-870B-06DFC4C72611}.Template|x86.ActiveCfg = Template|Win32
		{559592B4-3B66-4206-870B-06DFC4C72611}.Template|x86.Build.0 = Template|Win32
		{559592B4-3B66-4206-870B-06DFC4C72611}.Unicode Debug|x64.ActiveCfg = Template|Win32
		{559592B4-3B66-4206-870B-06DFC4C72611}.Unicode Debug|x64.Build.0 = Template|Win32
		{559592B4-3B66-4206-870B-06DFC4C72611}.Unicode Debug|x86.ActiveCfg = Debug|Win32
		{559592B4-3B66-4206-870B-06DFC4C72611}.Unicode Debug|x86.Build.0 = Debug|Win32
		{559592B4-3B66-4206-870B-06DFC4C72611}.Unicode Release|x64.ActiveCfg = Template|Win32
		{559592B4-3B66-4206-870B-06DFC4C72611}.Unicode Release|x64.Build.0 = Template|Win32
		{559592B4-3B66-4206-870B-06DFC4C72611}.Unicode Release|x86.ActiveCfg = Release|Win32
		{559592B4-3B66-4206-870B-06DFC4C72611}.Unicode Release|x86.Build.0 = Release|Win32
	EndGlobalSection
	GlobalSection(SolutionProperties) = preSolution
		HideSolutionNode = FALSE
	EndGlobalSection
EndGlobal
