<?xml version="1.0" encoding="utf-8"?>
<Project ToolsVersion="4.0" xmlns="http://schemas.microsoft.com/developer/msbuild/2003">
  <ItemGroup>
    <Filter Include="Source Files">
      <UniqueIdentifier>{4FC737F1-C7A5-4376-A066-2A32D752A2FF}</UniqueIdentifier>
      <Extensions>cpp;c;cc;cxx;def;odl;idl;hpj;bat;asm;asmx</Extensions>
    </Filter>
    <Filter Include="Header Files">
      <UniqueIdentifier>{93995380-89BD-4b04-88EB-625FBE52EBFB}</UniqueIdentifier>
      <Extensions>h;hh;hpp;hxx;hm;inl;inc;xsd</Extensions>
    </Filter>
    <Filter Include="Resource Files">
      <UniqueIdentifier>{67DA6AB6-F800-4c08-8B7A-83BB121AAD01}</UniqueIdentifier>
      <Extensions>rc;ico;cur;bmp;dlg;rc2;rct;bin;rgs;gif;jpg;jpeg;jpe;resx;tiff;tif;png;wav;mfcribbon-ms</Extensions>
    </Filter>
  </ItemGroup>
  <ItemGroup>
    <Text Include="ReadMe.txt" />
  </ItemGroup>
  <ItemGroup>
    <ClInclude Include="targetver.h">
      <Filter>Header Files</Filter>
    </ClInclude>
  </ItemGroup>
  <ItemGroup>
    <ClCompile Include="..\tzlodopr.c">
      <Filter>Source Files</Filter>
    </ClCompile>
    <ClCompile Include="..\tz__prfo.c">
      <Filter>Source Files</Filter>
    </ClCompile>
    <ClCompile Include="..\tzadcs2o.c">
      <Filter>Source Files</Filter>
    </ClCompile>
    <ClCompile Include="..\tzadcsdo.c">
      <Filter>Source Files</Filter>
    </ClCompile>
    <ClCompile Include="..\tzadw1aw.c">
      <Filter>Source Files</Filter>
    </ClCompile>
    <ClCompile Include="..\tzadw2aw.c">
      <Filter>Source Files</Filter>
    </ClCompile>
    <ClCompile Include="..\tzadw3aw.c">
      <Filter>Source Files</Filter>
    </ClCompile>
    <ClCompile Include="..\tzadw4aw.c">
      <Filter>Source Files</Filter>
    </ClCompile>
    <ClCompile Include="..\tzadw5aw.c">
      <Filter>Source Files</Filter>
    </ClCompile>
    <ClCompile Include="..\tzadw6aw.c">
      <Filter>Source Files</Filter>
    </ClCompile>
    <ClCompile Include="..\tzadw7aw.c">
      <Filter>Source Files</Filter>
    </ClCompile>
    <ClCompile Include="..\tzadw8aw.c">
      <Filter>Source Files</Filter>
    </ClCompile>
    <ClCompile Include="..\tzadwexp.c">
      <Filter>Source Files</Filter>
    </ClCompile>
    <ClCompile Include="..\tzadwoaw.c">
      <Filter>Source Files</Filter>
    </ClCompile>
    <ClCompile Include="..\tzdgsrco.c">
      <Filter>Source Files</Filter>
    </ClCompile>
    <ClCompile Include="..\tzdmsrco.c">
      <Filter>Source Files</Filter>
    </ClCompile>
    <ClCompile Include="..\tzdmxgpo.c">
      <Filter>Source Files</Filter>
    </ClCompile>
    <ClCompile Include="..\tzeremdo.c">
      <Filter>Source Files</Filter>
    </ClCompile>
    <ClCompile Include="..\tzeremxo.c">
      <Filter>Source Files</Filter>
    </ClCompile>
    <ClCompile Include="..\tzersa2o.c">
      <Filter>Source Files</Filter>
    </ClCompile>
    <ClCompile Include="..\tzersaso.c">
      <Filter>Source Files</Filter>
    </ClCompile>
    <ClCompile Include="..\tzlooprs.c">
      <Filter>Source Files</Filter>
    </ClCompile>
    <ClCompile Include="..\tzogsrco.c">
      <Filter>Source Files</Filter>
    </ClCompile>
    <ClCompile Include="..\tzopgrpo.c">
      <Filter>Source Files</Filter>
    </ClCompile>
    <ClCompile Include="..\tzophdro.c">
      <Filter>Source Files</Filter>
    </ClCompile>
    <ClCompile Include="..\tzopsigo.c">
      <Filter>Source Files</Filter>
    </ClCompile>
    <ClCompile Include="..\tzpnoldc.c">
      <Filter>Source Files</Filter>
    </ClCompile>
    <ClCompile Include="..\tzsixsko.c">
      <Filter>Source Files</Filter>
    </ClCompile>
    <ClCompile Include="..\tztempmo.c">
      <Filter>Source Files</Filter>
    </ClCompile>
    <ClCompile Include="..\tztenv2o.c">
      <Filter>Source Files</Filter>
    </ClCompile>
    <ClCompile Include="..\tztenvro.c">
      <Filter>Source Files</Filter>
    </ClCompile>
    <ClCompile Include="..\tzwdgrwo.c">
      <Filter>Source Files</Filter>
    </ClCompile>
    <ClCompile Include="..\tzwdlg2o.c">
      <Filter>Source Files</Filter>
    </ClCompile>
    <ClCompile Include="..\tzwdlg3o.c">
      <Filter>Source Files</Filter>
    </ClCompile>
    <ClCompile Include="..\tzwdlgso.c">
      <Filter>Source Files</Filter>
    </ClCompile>
    <ClCompile Include="..\tzzolo2o.c">
      <Filter>Source Files</Filter>
    </ClCompile>
    <ClCompile Include="..\tzzolodo.c">
      <Filter>Source Files</Filter>
    </ClCompile>
    <ClCompile Include="..\tzzolodr.c">
      <Filter>Source Files</Filter>
    </ClCompile>
    <ClCompile Include="..\tzzorpts.c">
      <Filter>Source Files</Filter>
    </ClCompile>
    <ClCompile Include="..\tzzoxodo.c">
      <Filter>Source Files</Filter>
    </ClCompile>
    <ClCompile Include="..\tzcm_opr.c">
      <Filter>Source Files</Filter>
    </ClCompile>
    <ClCompile Include="..\tzcmcpro.c">
      <Filter>Source Files</Filter>
    </ClCompile>
    <ClCompile Include="..\tzcmcvto.c">
      <Filter>Source Files</Filter>
    </ClCompile>
    <ClCompile Include="..\tzcmlops.c">
      <Filter>Source Files</Filter>
    </ClCompile>
    <ClCompile Include="..\tzcmlp2o.c">
      <Filter>Source Files</Filter>
    </ClCompile>
    <ClCompile Include="..\tzcmlplo.c">
      <Filter>Source Files</Filter>
    </ClCompile>
    <ClCompile Include="..\tzcmlpmo.c">
      <Filter>Source Files</Filter>
    </ClCompile>
    <ClCompile Include="..\tzcmqsyo.c">
      <Filter>Source Files</Filter>
    </ClCompile>
    <ClCompile Include="..\tzcmrepo.c">
      <Filter>Source Files</Filter>
    </ClCompile>
    <ClCompile Include="..\tzcmutil.c">
      <Filter>Source Files</Filter>
    </ClCompile>
    <ClCompile Include="..\tzcmwkso.c">
      <Filter>Source Files</Filter>
    </ClCompile>
    <ClCompile Include="..\tzcmoprs.c">
      <Filter>Source Files</Filter>
    </ClCompile>
    <ClCompile Include="..\tzerem2o.c">
      <Filter>Source Files</Filter>
    </ClCompile>
    <ClCompile Include="..\tzrpsrco.c">
      <Filter>Source Files</Filter>
    </ClCompile>
    <ClCompile Include="..\tzrpsxm2.c">
      <Filter>Source Files</Filter>
    </ClCompile>
    <ClCompile Include="..\tzvsrtoo.c">
      <Filter>Source Files</Filter>
    </ClCompile>
    <ClCompile Include="..\tzwdlg4o.c">
      <Filter>Source Files</Filter>
    </ClCompile>
    <ClCompile Include="..\tzwdlg6o.c">
      <Filter>Source Files</Filter>
    </ClCompile>
  </ItemGroup>
  <ItemGroup>
    <None Include="..\tzcm_opr.hg">
      <Filter>Header Files</Filter>
    </None>
    <None Include="..\tzlodopr.hg">
      <Filter>Header Files</Filter>
    </None>
  </ItemGroup>
</Project>