<?xml version="1.0" encoding="utf-8"?>
<Project ToolsVersion="4.0" xmlns="http://schemas.microsoft.com/developer/msbuild/2003">
  <ItemGroup>
    <Filter Include="Source Files">
      <UniqueIdentifier>{7664e9fd-9d26-4cb8-9a47-2a9054833eab}</UniqueIdentifier>
      <Extensions>cpp;c;cxx;rc;def;r;odl;hpj;bat;for;f90</Extensions>
    </Filter>
    <Filter Include="Header Files">
      <UniqueIdentifier>{a722c3b3-cd46-4d0a-a082-febdf723f236}</UniqueIdentifier>
      <Extensions>h;hpp;hxx;inl;fi;fd</Extensions>
    </Filter>
    <Filter Include="Resource Files">
      <UniqueIdentifier>{a6d5c679-6e9b-4f89-9ab0-3e9281e94f76}</UniqueIdentifier>
      <Extensions>ico;cur;bmp;dlg;rc2;rct;cnt;rtf;gif;jpg;jpeg;jpe</Extensions>
    </Filter>
  </ItemGroup>
  <ItemGroup>
    <ClCompile Include="ZdCtl.cpp">
      <Filter>Source Files</Filter>
    </ClCompile>
    <ClCompile Include="..\ZdCtlATX.cpp">
      <Filter>Source Files</Filter>
    </ClCompile>
    <ClCompile Include="..\ZdCtlBar.CPP">
      <Filter>Source Files</Filter>
    </ClCompile>
    <ClCompile Include="..\ZdCtlBMB.cpp">
      <Filter>Source Files</Filter>
    </ClCompile>
    <ClCompile Include="..\ZdCtlBMP.cpp">
      <Filter>Source Files</Filter>
    </ClCompile>
    <ClCompile Include="..\ZdCtlBTN.cpp">
      <Filter>Source Files</Filter>
    </ClCompile>
    <ClCompile Include="..\ZdCtlCal.cpp">
      <Filter>Source Files</Filter>
    </ClCompile>
    <ClCompile Include="..\ZdCtlCHK.cpp">
      <Filter>Source Files</Filter>
    </ClCompile>
    <ClCompile Include="..\ZdCtlCMB.cpp">
      <Filter>Source Files</Filter>
    </ClCompile>
    <ClCompile Include="..\ZdCtlDIL.cpp">
      <Filter>Source Files</Filter>
    </ClCompile>
    <ClCompile Include="..\ZdCtlDT.CPP">
      <Filter>Source Files</Filter>
    </ClCompile>
    <ClCompile Include="..\ZdCtlEDT.cpp">
      <Filter>Source Files</Filter>
    </ClCompile>
    <ClCompile Include="..\ZdCtlEVW.cpp">
      <Filter>Source Files</Filter>
    </ClCompile>
    <ClCompile Include="..\ZdCtlGBX.cpp">
      <Filter>Source Files</Filter>
    </ClCompile>
    <ClCompile Include="..\ZdCtlHD.cpp">
      <Filter>Source Files</Filter>
    </ClCompile>
    <ClCompile Include="..\ZdCtlHDN.cpp">
      <Filter>Source Files</Filter>
    </ClCompile>
    <ClCompile Include="..\ZdCtlHot.cpp">
      <Filter>Source Files</Filter>
    </ClCompile>
    <ClCompile Include="..\ZdCtlICO.cpp">
      <Filter>Source Files</Filter>
    </ClCompile>
    <ClCompile Include="..\ZdCtlLBH.cpp">
      <Filter>Source Files</Filter>
    </ClCompile>
    <ClCompile Include="..\ZdCtlLBX.cpp">
      <Filter>Source Files</Filter>
    </ClCompile>
    <ClCompile Include="..\ZdCtlMLE.cpp">
      <Filter>Source Files</Filter>
    </ClCompile>
    <ClCompile Include="..\ZdCtlMST.cpp">
      <Filter>Source Files</Filter>
    </ClCompile>
    <ClCompile Include="..\ZdCtlO.cpp">
      <Filter>Source Files</Filter>
    </ClCompile>
    <ClCompile Include="..\ZdCtlOLB.cpp">
      <Filter>Source Files</Filter>
    </ClCompile>
    <ClCompile Include="..\ZdCtlRB.cpp">
      <Filter>Source Files</Filter>
    </ClCompile>
    <ClCompile Include="..\ZdCtlRTE.cpp">
      <Filter>Source Files</Filter>
    </ClCompile>
    <ClCompile Include="..\ZdCtlRTO.cpp">
      <Filter>Source Files</Filter>
    </ClCompile>
    <ClCompile Include="..\ZdCtlSS.cpp">
      <Filter>Source Files</Filter>
    </ClCompile>
    <ClCompile Include="..\ZdCtlSSU.cpp">
      <Filter>Source Files</Filter>
    </ClCompile>
    <ClCompile Include="..\ZdCtlTAB.cpp">
      <Filter>Source Files</Filter>
    </ClCompile>
    <ClCompile Include="..\ZdCtlTim.cpp">
      <Filter>Source Files</Filter>
    </ClCompile>
    <ClCompile Include="..\ZdCtlTXT.cpp">
      <Filter>Source Files</Filter>
    </ClCompile>
    <ClCompile Include="..\ZdCtlVWG.CPP">
      <Filter>Source Files</Filter>
    </ClCompile>
  </ItemGroup>
  <ItemGroup>
    <ResourceCompile Include="..\ZdCtl.rc">
      <Filter>Source Files</Filter>
    </ResourceCompile>
  </ItemGroup>
  <ItemGroup>
    <ClInclude Include="..\resource.h">
      <Filter>Header Files</Filter>
    </ClInclude>
    <ClInclude Include="..\ZCtlRes.h">
      <Filter>Header Files</Filter>
    </ClInclude>
    <ClInclude Include="..\ZdCtl.h">
      <Filter>Header Files</Filter>
    </ClInclude>
  </ItemGroup>
  <ItemGroup>
    <Image Include="..\CBRSV1.bmp">
      <Filter>Resource Files</Filter>
    </Image>
    <Image Include="..\CBRSV2.bmp">
      <Filter>Resource Files</Filter>
    </Image>
    <Image Include="..\CBRSV3.bmp">
      <Filter>Resource Files</Filter>
    </Image>
    <Image Include="..\CBRSV4.bmp">
      <Filter>Resource Files</Filter>
    </Image>
    <Image Include="..\CBRSV5.bmp">
      <Filter>Resource Files</Filter>
    </Image>
    <Image Include="..\CBRSV6.bmp">
      <Filter>Resource Files</Filter>
    </Image>
    <Image Include="..\STATEICO.bmp">
      <Filter>Resource Files</Filter>
    </Image>
    <Image Include="..\treeclse.bmp">
      <Filter>Resource Files</Filter>
    </Image>
    <Image Include="..\treedflt.ico">
      <Filter>Resource Files</Filter>
    </Image>
    <Image Include="..\treeopen.bmp">
      <Filter>Resource Files</Filter>
    </Image>
    <Image Include="..\treeopen.ico">
      <Filter>Resource Files</Filter>
    </Image>
    <Image Include="..\treesel.bmp">
      <Filter>Resource Files</Filter>
    </Image>
    <Image Include="..\treesel.ico">
      <Filter>Resource Files</Filter>
    </Image>
  </ItemGroup>
  <ItemGroup>
    <CustomBuild Include="..\BCOPY1.cur">
      <Filter>Resource Files</Filter>
    </CustomBuild>
    <CustomBuild Include="..\BCOPYM.cur">
      <Filter>Resource Files</Filter>
    </CustomBuild>
    <CustomBuild Include="..\BDROPNOT.cur">
      <Filter>Resource Files</Filter>
    </CustomBuild>
    <CustomBuild Include="..\BMOVE.cur">
      <Filter>Resource Files</Filter>
    </CustomBuild>
    <CustomBuild Include="..\BMOVE1.cur">
      <Filter>Resource Files</Filter>
    </CustomBuild>
    <CustomBuild Include="..\BMOVEM.cur">
      <Filter>Resource Files</Filter>
    </CustomBuild>
    <CustomBuild Include="..\BPROMOTE.cur">
      <Filter>Resource Files</Filter>
    </CustomBuild>
    <CustomBuild Include="..\DROPNOT.cur">
      <Filter>Resource Files</Filter>
    </CustomBuild>
    <CustomBuild Include="..\DROPOKC1.cur">
      <Filter>Resource Files</Filter>
    </CustomBuild>
    <CustomBuild Include="..\DROPOKCM.cur">
      <Filter>Resource Files</Filter>
    </CustomBuild>
    <CustomBuild Include="..\DROPOKM1.cur">
      <Filter>Resource Files</Filter>
    </CustomBuild>
    <CustomBuild Include="..\DROPOKMM.cur">
      <Filter>Resource Files</Filter>
    </CustomBuild>
    <CustomBuild Include="..\HAND1.cur">
      <Filter>Resource Files</Filter>
    </CustomBuild>
    <CustomBuild Include="..\HSPLIT.cur">
      <Filter>Resource Files</Filter>
    </CustomBuild>
    <CustomBuild Include="..\VSPLIT.cur">
      <Filter>Resource Files</Filter>
    </CustomBuild>
    <CustomBuild Include="..\XSPLIT.cur">
      <Filter>Resource Files</Filter>
    </CustomBuild>
    <CustomBuild Include="..\ZdCtl.def">
      <Filter>Source Files</Filter>
    </CustomBuild>
  </ItemGroup>
</Project>