<?xml version="1.0" encoding="utf-8"?>
<Project ToolsVersion="4.0" xmlns="http://schemas.microsoft.com/developer/msbuild/2003">
  <ItemGroup>
    <Filter Include="Source Files">
      <UniqueIdentifier>{38bfc62c-c2cd-4bf5-8b13-b3aba8ca3441}</UniqueIdentifier>
      <Extensions>cpp;c;cxx;rc;def;r;odl;idl;hpj;bat</Extensions>
    </Filter>
    <Filter Include="Header Files">
      <UniqueIdentifier>{45853eab-7832-4c7b-85e7-9c77d8ffcde5}</UniqueIdentifier>
      <Extensions>h;hpp;hxx;hm;inl</Extensions>
    </Filter>
    <Filter Include="Resource Files">
      <UniqueIdentifier>{2501c391-226f-42e8-96b4-d1bc1a61b120}</UniqueIdentifier>
      <Extensions>ico;cur;bmp;dlg;rc2;rct;bin;cnt;rtf;gif;jpg;jpeg;jpe</Extensions>
    </Filter>
  </ItemGroup>
  <ItemGroup>
    <ClCompile Include="..\..\..\..\_common\_class\colpick.cpp">
      <Filter>Source Files</Filter>
    </ClCompile>
    <ClCompile Include="..\..\..\..\_common\_class\colpopup.cpp">
      <Filter>Source Files</Filter>
    </ClCompile>
    <ClCompile Include="..\..\..\..\_common\_class\hzocregs.cpp">
      <Filter>Source Files</Filter>
    </ClCompile>
    <ClCompile Include="hzoectl.cpp">
      <Filter>Source Files</Filter>
    </ClCompile>
    <ClCompile Include="hzoedlg.cpp">
      <Filter>Source Files</Filter>
    </ClCompile>
    <ClCompile Include="hzoefunc.cpp">
      <Filter>Source Files</Filter>
    </ClCompile>
    <ClCompile Include="hzoemeth.cpp">
      <Filter>Source Files</Filter>
    </ClCompile>
    <ClCompile Include="hzoeprop.cpp">
      <Filter>Source Files</Filter>
    </ClCompile>
    <ClCompile Include="hzoeundo.cpp">
      <Filter>Source Files</Filter>
    </ClCompile>
    <ClCompile Include="hzoezsyn.cpp">
      <Filter>Source Files</Filter>
    </ClCompile>
    <ClCompile Include="..\..\..\..\_common\_class\hzoregex.cpp">
      <Filter>Source Files</Filter>
    </ClCompile>
    <ClCompile Include="..\..\..\..\_common\_class\regex.cpp">
      <Filter>Source Files</Filter>
    </ClCompile>
    <ClCompile Include="tbedit.cpp">
      <Filter>Source Files</Filter>
    </ClCompile>
  </ItemGroup>
  <ItemGroup>
    <ResourceCompile Include="hzoectle.rc">
      <Filter>Source Files</Filter>
    </ResourceCompile>
  </ItemGroup>
  <ItemGroup>
    <Midl Include="tbedit.odl">
      <Filter>Source Files</Filter>
    </Midl>
  </ItemGroup>
  <ItemGroup>
    <ClInclude Include="StdAfx.h">
      <Filter>Header Files</Filter>
    </ClInclude>
    <ClInclude Include="tbedit.h">
      <Filter>Header Files</Filter>
    </ClInclude>
  </ItemGroup>
  <ItemGroup>
    <Image Include="hzoectl.bmp">
      <Filter>Resource Files</Filter>
    </Image>
  </ItemGroup>
  <ItemGroup>
    <Text Include="ReadMe.txt" />
  </ItemGroup>
  <ItemGroup>
    <CustomBuild Include="hzoectl.def">
      <Filter>Source Files</Filter>
    </CustomBuild>
  </ItemGroup>
</Project>